// !$*UTF8*$!
{
	archiveVersion = 1;
	classes = {
	};
	objectVersion = 48;
	objects = {

/* Begin PBXBuildFile section */
		30368208D63C08AB818960A6 /* Pods_strava.framework in Frameworks */ = {isa = PBXBuildFile; fileRef = 6E5615E2630C32B20404E0AB /* Pods_strava.framework */; };
		B88350F507599A087132FABA /* Pods_stravaUITests.framework in Frameworks */ = {isa = PBXBuildFile; fileRef = D96045ABAA95E424F2EF9EB4 /* Pods_stravaUITests.framework */; };
		C91CA974E09F3FD0D211019D /* Pods_stravaTests.framework in Frameworks */ = {isa = PBXBuildFile; fileRef = EABBFA2164763499D3CF5604 /* Pods_stravaTests.framework */; };
		F8003CA61FDA222300AE31AD /* AppConfig.swift in Sources */ = {isa = PBXBuildFile; fileRef = F8003CA51FDA222300AE31AD /* AppConfig.swift */; };
		F843BF3B1FCF1AFA00369036 /* AppDelegate.swift in Sources */ = {isa = PBXBuildFile; fileRef = F843BF3A1FCF1AFA00369036 /* AppDelegate.swift */; };
		F843BF3D1FCF1AFA00369036 /* ViewController.swift in Sources */ = {isa = PBXBuildFile; fileRef = F843BF3C1FCF1AFA00369036 /* ViewController.swift */; };
		F843BF401FCF1AFA00369036 /* Main.storyboard in Resources */ = {isa = PBXBuildFile; fileRef = F843BF3E1FCF1AFA00369036 /* Main.storyboard */; };
		F843BF421FCF1AFA00369036 /* Assets.xcassets in Resources */ = {isa = PBXBuildFile; fileRef = F843BF411FCF1AFA00369036 /* Assets.xcassets */; };
		F843BF451FCF1AFA00369036 /* LaunchScreen.storyboard in Resources */ = {isa = PBXBuildFile; fileRef = F843BF431FCF1AFA00369036 /* LaunchScreen.storyboard */; };
		F843BF501FCF1AFA00369036 /* stravaTests.swift in Sources */ = {isa = PBXBuildFile; fileRef = F843BF4F1FCF1AFA00369036 /* stravaTests.swift */; };
		F843BF5B1FCF1AFA00369036 /* stravaUITests.swift in Sources */ = {isa = PBXBuildFile; fileRef = F843BF5A1FCF1AFA00369036 /* stravaUITests.swift */; };
		F843BF691FCFA6AB00369036 /* WebViewController.swift in Sources */ = {isa = PBXBuildFile; fileRef = F843BF681FCFA6AB00369036 /* WebViewController.swift */; };
		F8778B551FD0976700940FAE /* StravaActivityStruct.swift in Sources */ = {isa = PBXBuildFile; fileRef = F8778B541FD0976700940FAE /* StravaActivityStruct.swift */; };
		F8778B571FD09EC800940FAE /* vwActivityCell.xib in Resources */ = {isa = PBXBuildFile; fileRef = F8778B561FD09EC800940FAE /* vwActivityCell.xib */; };
		F8778B591FD09EDF00940FAE /* ActivityCell.swift in Sources */ = {isa = PBXBuildFile; fileRef = F8778B581FD09EDF00940FAE /* ActivityCell.swift */; };
		F8778B5B1FD0A9E100940FAE /* Utils.swift in Sources */ = {isa = PBXBuildFile; fileRef = F8778B5A1FD0A9E100940FAE /* Utils.swift */; };
/* End PBXBuildFile section */

/* Begin PBXContainerItemProxy section */
		F843BF4C1FCF1AFA00369036 /* PBXContainerItemProxy */ = {
			isa = PBXContainerItemProxy;
			containerPortal = F843BF2F1FCF1AFA00369036 /* Project object */;
			proxyType = 1;
			remoteGlobalIDString = F843BF361FCF1AFA00369036;
			remoteInfo = strava;
		};
		F843BF571FCF1AFA00369036 /* PBXContainerItemProxy */ = {
			isa = PBXContainerItemProxy;
			containerPortal = F843BF2F1FCF1AFA00369036 /* Project object */;
			proxyType = 1;
			remoteGlobalIDString = F843BF361FCF1AFA00369036;
			remoteInfo = strava;
		};
/* End PBXContainerItemProxy section */

/* Begin PBXFileReference section */
		18345F3A696783BCD4AE5DD0 /* Pods-strava.release.xcconfig */ = {isa = PBXFileReference; includeInIndex = 1; lastKnownFileType = text.xcconfig; name = "Pods-strava.release.xcconfig"; path = "Pods/Target Support Files/Pods-strava/Pods-strava.release.xcconfig"; sourceTree = "<group>"; };
		4A72F29B97B829DA288BEAF8 /* Pods-strava.debug.xcconfig */ = {isa = PBXFileReference; includeInIndex = 1; lastKnownFileType = text.xcconfig; name = "Pods-strava.debug.xcconfig"; path = "Pods/Target Support Files/Pods-strava/Pods-strava.debug.xcconfig"; sourceTree = "<group>"; };
		6E5615E2630C32B20404E0AB /* Pods_strava.framework */ = {isa = PBXFileReference; explicitFileType = wrapper.framework; includeInIndex = 0; path = Pods_strava.framework; sourceTree = BUILT_PRODUCTS_DIR; };
		72E13F549114E8B868D95D8C /* Pods-stravaTests.debug.xcconfig */ = {isa = PBXFileReference; includeInIndex = 1; lastKnownFileType = text.xcconfig; name = "Pods-stravaTests.debug.xcconfig"; path = "Pods/Target Support Files/Pods-stravaTests/Pods-stravaTests.debug.xcconfig"; sourceTree = "<group>"; };
		8CED220AF25C4717555E6076 /* Pods-stravaTests.release.xcconfig */ = {isa = PBXFileReference; includeInIndex = 1; lastKnownFileType = text.xcconfig; name = "Pods-stravaTests.release.xcconfig"; path = "Pods/Target Support Files/Pods-stravaTests/Pods-stravaTests.release.xcconfig"; sourceTree = "<group>"; };
		D3EEC76F5FE357DEAFE53B09 /* Pods-stravaUITests.debug.xcconfig */ = {isa = PBXFileReference; includeInIndex = 1; lastKnownFileType = text.xcconfig; name = "Pods-stravaUITests.debug.xcconfig"; path = "Pods/Target Support Files/Pods-stravaUITests/Pods-stravaUITests.debug.xcconfig"; sourceTree = "<group>"; };
		D8636D2B93433503FA508018 /* Pods-stravaUITests.release.xcconfig */ = {isa = PBXFileReference; includeInIndex = 1; lastKnownFileType = text.xcconfig; name = "Pods-stravaUITests.release.xcconfig"; path = "Pods/Target Support Files/Pods-stravaUITests/Pods-stravaUITests.release.xcconfig"; sourceTree = "<group>"; };
		D96045ABAA95E424F2EF9EB4 /* Pods_stravaUITests.framework */ = {isa = PBXFileReference; explicitFileType = wrapper.framework; includeInIndex = 0; path = Pods_stravaUITests.framework; sourceTree = BUILT_PRODUCTS_DIR; };
		EABBFA2164763499D3CF5604 /* Pods_stravaTests.framework */ = {isa = PBXFileReference; explicitFileType = wrapper.framework; includeInIndex = 0; path = Pods_stravaTests.framework; sourceTree = BUILT_PRODUCTS_DIR; };
		F8003CA51FDA222300AE31AD /* AppConfig.swift */ = {isa = PBXFileReference; lastKnownFileType = sourcecode.swift; path = AppConfig.swift; sourceTree = "<group>"; };
		F843BF371FCF1AFA00369036 /* strava.app */ = {isa = PBXFileReference; explicitFileType = wrapper.application; includeInIndex = 0; path = strava.app; sourceTree = BUILT_PRODUCTS_DIR; };
		F843BF3A1FCF1AFA00369036 /* AppDelegate.swift */ = {isa = PBXFileReference; lastKnownFileType = sourcecode.swift; path = AppDelegate.swift; sourceTree = "<group>"; };
		F843BF3C1FCF1AFA00369036 /* ViewController.swift */ = {isa = PBXFileReference; lastKnownFileType = sourcecode.swift; path = ViewController.swift; sourceTree = "<group>"; };
		F843BF3F1FCF1AFA00369036 /* Base */ = {isa = PBXFileReference; lastKnownFileType = file.storyboard; name = Base; path = Base.lproj/Main.storyboard; sourceTree = "<group>"; };
		F843BF411FCF1AFA00369036 /* Assets.xcassets */ = {isa = PBXFileReference; lastKnownFileType = folder.assetcatalog; path = Assets.xcassets; sourceTree = "<group>"; };
		F843BF441FCF1AFA00369036 /* Base */ = {isa = PBXFileReference; lastKnownFileType = file.storyboard; name = Base; path = Base.lproj/LaunchScreen.storyboard; sourceTree = "<group>"; };
		F843BF461FCF1AFA00369036 /* Info.plist */ = {isa = PBXFileReference; lastKnownFileType = text.plist.xml; path = Info.plist; sourceTree = "<group>"; };
		F843BF4B1FCF1AFA00369036 /* stravaTests.xctest */ = {isa = PBXFileReference; explicitFileType = wrapper.cfbundle; includeInIndex = 0; path = stravaTests.xctest; sourceTree = BUILT_PRODUCTS_DIR; };
		F843BF4F1FCF1AFA00369036 /* stravaTests.swift */ = {isa = PBXFileReference; lastKnownFileType = sourcecode.swift; path = stravaTests.swift; sourceTree = "<group>"; };
		F843BF511FCF1AFA00369036 /* Info.plist */ = {isa = PBXFileReference; lastKnownFileType = text.plist.xml; path = Info.plist; sourceTree = "<group>"; };
		F843BF561FCF1AFA00369036 /* stravaUITests.xctest */ = {isa = PBXFileReference; explicitFileType = wrapper.cfbundle; includeInIndex = 0; path = stravaUITests.xctest; sourceTree = BUILT_PRODUCTS_DIR; };
		F843BF5A1FCF1AFA00369036 /* stravaUITests.swift */ = {isa = PBXFileReference; lastKnownFileType = sourcecode.swift; path = stravaUITests.swift; sourceTree = "<group>"; };
		F843BF5C1FCF1AFA00369036 /* Info.plist */ = {isa = PBXFileReference; lastKnownFileType = text.plist.xml; path = Info.plist; sourceTree = "<group>"; };
		F843BF681FCFA6AB00369036 /* WebViewController.swift */ = {isa = PBXFileReference; lastKnownFileType = sourcecode.swift; path = WebViewController.swift; sourceTree = "<group>"; };
		F8778B541FD0976700940FAE /* StravaActivityStruct.swift */ = {isa = PBXFileReference; lastKnownFileType = sourcecode.swift; path = StravaActivityStruct.swift; sourceTree = "<group>"; };
		F8778B561FD09EC800940FAE /* vwActivityCell.xib */ = {isa = PBXFileReference; lastKnownFileType = file.xib; path = vwActivityCell.xib; sourceTree = "<group>"; };
		F8778B581FD09EDF00940FAE /* ActivityCell.swift */ = {isa = PBXFileReference; lastKnownFileType = sourcecode.swift; path = ActivityCell.swift; sourceTree = "<group>"; };
		F8778B5A1FD0A9E100940FAE /* Utils.swift */ = {isa = PBXFileReference; lastKnownFileType = sourcecode.swift; path = Utils.swift; sourceTree = "<group>"; };
/* End PBXFileReference section */

/* Begin PBXFrameworksBuildPhase section */
		F843BF341FCF1AFA00369036 /* Frameworks */ = {
			isa = PBXFrameworksBuildPhase;
			buildActionMask = 2147483647;
			files = (
				30368208D63C08AB818960A6 /* Pods_strava.framework in Frameworks */,
			);
			runOnlyForDeploymentPostprocessing = 0;
		};
		F843BF481FCF1AFA00369036 /* Frameworks */ = {
			isa = PBXFrameworksBuildPhase;
			buildActionMask = 2147483647;
			files = (
				C91CA974E09F3FD0D211019D /* Pods_stravaTests.framework in Frameworks */,
			);
			runOnlyForDeploymentPostprocessing = 0;
		};
		F843BF531FCF1AFA00369036 /* Frameworks */ = {
			isa = PBXFrameworksBuildPhase;
			buildActionMask = 2147483647;
			files = (
				B88350F507599A087132FABA /* Pods_stravaUITests.framework in Frameworks */,
			);
			runOnlyForDeploymentPostprocessing = 0;
		};
/* End PBXFrameworksBuildPhase section */

/* Begin PBXGroup section */
		929344CBC0E78C6F0EE896CC /* Frameworks */ = {
			isa = PBXGroup;
			children = (
				6E5615E2630C32B20404E0AB /* Pods_strava.framework */,
				EABBFA2164763499D3CF5604 /* Pods_stravaTests.framework */,
				D96045ABAA95E424F2EF9EB4 /* Pods_stravaUITests.framework */,
			);
			name = Frameworks;
			sourceTree = "<group>";
		};
		F843BF2E1FCF1AFA00369036 = {
			isa = PBXGroup;
			children = (
				F843BF391FCF1AFA00369036 /* strava */,
				F843BF4E1FCF1AFA00369036 /* stravaTests */,
				F843BF591FCF1AFA00369036 /* stravaUITests */,
				F843BF381FCF1AFA00369036 /* Products */,
				FF53FE7E4660FC16D22897FE /* Pods */,
				929344CBC0E78C6F0EE896CC /* Frameworks */,
			);
			sourceTree = "<group>";
		};
		F843BF381FCF1AFA00369036 /* Products */ = {
			isa = PBXGroup;
			children = (
				F843BF371FCF1AFA00369036 /* strava.app */,
				F843BF4B1FCF1AFA00369036 /* stravaTests.xctest */,
				F843BF561FCF1AFA00369036 /* stravaUITests.xctest */,
			);
			name = Products;
			sourceTree = "<group>";
		};
		F843BF391FCF1AFA00369036 /* strava */ = {
			isa = PBXGroup;
			children = (
				F843BF3A1FCF1AFA00369036 /* AppDelegate.swift */,
				F843BF3C1FCF1AFA00369036 /* ViewController.swift */,
				F8778B581FD09EDF00940FAE /* ActivityCell.swift */,
				F8778B5A1FD0A9E100940FAE /* Utils.swift */,
				F8778B561FD09EC800940FAE /* vwActivityCell.xib */,
				F843BF681FCFA6AB00369036 /* WebViewController.swift */,
				F843BF3E1FCF1AFA00369036 /* Main.storyboard */,
				F843BF411FCF1AFA00369036 /* Assets.xcassets */,
				F843BF431FCF1AFA00369036 /* LaunchScreen.storyboard */,
				F843BF461FCF1AFA00369036 /* Info.plist */,
				F8778B541FD0976700940FAE /* StravaActivityStruct.swift */,
				F8003CA51FDA222300AE31AD /* AppConfig.swift */,
			);
			path = strava;
			sourceTree = "<group>";
		};
		F843BF4E1FCF1AFA00369036 /* stravaTests */ = {
			isa = PBXGroup;
			children = (
				F843BF4F1FCF1AFA00369036 /* stravaTests.swift */,
				F843BF511FCF1AFA00369036 /* Info.plist */,
			);
			path = stravaTests;
			sourceTree = "<group>";
		};
		F843BF591FCF1AFA00369036 /* stravaUITests */ = {
			isa = PBXGroup;
			children = (
				F843BF5A1FCF1AFA00369036 /* stravaUITests.swift */,
				F843BF5C1FCF1AFA00369036 /* Info.plist */,
			);
			path = stravaUITests;
			sourceTree = "<group>";
		};
		FF53FE7E4660FC16D22897FE /* Pods */ = {
			isa = PBXGroup;
			children = (
				4A72F29B97B829DA288BEAF8 /* Pods-strava.debug.xcconfig */,
				18345F3A696783BCD4AE5DD0 /* Pods-strava.release.xcconfig */,
				72E13F549114E8B868D95D8C /* Pods-stravaTests.debug.xcconfig */,
				8CED220AF25C4717555E6076 /* Pods-stravaTests.release.xcconfig */,
				D3EEC76F5FE357DEAFE53B09 /* Pods-stravaUITests.debug.xcconfig */,
				D8636D2B93433503FA508018 /* Pods-stravaUITests.release.xcconfig */,
			);
			name = Pods;
			sourceTree = "<group>";
		};
/* End PBXGroup section */

/* Begin PBXNativeTarget section */
		F843BF361FCF1AFA00369036 /* strava */ = {
			isa = PBXNativeTarget;
			buildConfigurationList = F843BF5F1FCF1AFA00369036 /* Build configuration list for PBXNativeTarget "strava" */;
			buildPhases = (
				BDF3ADF064F3B7D1CFB841D9 /* [CP] Check Pods Manifest.lock */,
				F843BF331FCF1AFA00369036 /* Sources */,
				F843BF341FCF1AFA00369036 /* Frameworks */,
				F843BF351FCF1AFA00369036 /* Resources */,
				5D9444DB007B47289B76397C /* [CP] Embed Pods Frameworks */,
				D373DE51A540855A07709F1A /* [CP] Copy Pods Resources */,
			);
			buildRules = (
			);
			dependencies = (
			);
			name = strava;
			productName = strava;
			productReference = F843BF371FCF1AFA00369036 /* strava.app */;
			productType = "com.apple.product-type.application";
		};
		F843BF4A1FCF1AFA00369036 /* stravaTests */ = {
			isa = PBXNativeTarget;
			buildConfigurationList = F843BF621FCF1AFA00369036 /* Build configuration list for PBXNativeTarget "stravaTests" */;
			buildPhases = (
				CA54C1CC4663530F0C1D0285 /* [CP] Check Pods Manifest.lock */,
				F843BF471FCF1AFA00369036 /* Sources */,
				F843BF481FCF1AFA00369036 /* Frameworks */,
				F843BF491FCF1AFA00369036 /* Resources */,
				F4FAC00ECDCCBBFD3567B3A4 /* [CP] Embed Pods Frameworks */,
				22AF50E649BCBEDEF2CD2A05 /* [CP] Copy Pods Resources */,
			);
			buildRules = (
			);
			dependencies = (
				F843BF4D1FCF1AFA00369036 /* PBXTargetDependency */,
			);
			name = stravaTests;
			productName = stravaTests;
			productReference = F843BF4B1FCF1AFA00369036 /* stravaTests.xctest */;
			productType = "com.apple.product-type.bundle.unit-test";
		};
		F843BF551FCF1AFA00369036 /* stravaUITests */ = {
			isa = PBXNativeTarget;
			buildConfigurationList = F843BF651FCF1AFA00369036 /* Build configuration list for PBXNativeTarget "stravaUITests" */;
			buildPhases = (
				27651AD08315674D9790F6A1 /* [CP] Check Pods Manifest.lock */,
				F843BF521FCF1AFA00369036 /* Sources */,
				F843BF531FCF1AFA00369036 /* Frameworks */,
				F843BF541FCF1AFA00369036 /* Resources */,
				51FE2E51C90DFF3E027A4996 /* [CP] Embed Pods Frameworks */,
				06DCFA7FB7695ED93866CB1E /* [CP] Copy Pods Resources */,
			);
			buildRules = (
			);
			dependencies = (
				F843BF581FCF1AFA00369036 /* PBXTargetDependency */,
			);
			name = stravaUITests;
			productName = stravaUITests;
			productReference = F843BF561FCF1AFA00369036 /* stravaUITests.xctest */;
			productType = "com.apple.product-type.bundle.ui-testing";
		};
/* End PBXNativeTarget section */

/* Begin PBXProject section */
		F843BF2F1FCF1AFA00369036 /* Project object */ = {
			isa = PBXProject;
			attributes = {
				LastSwiftUpdateCheck = 0910;
				LastUpgradeCheck = 0910;
				ORGANIZATIONNAME = "Material Cause LLC";
				TargetAttributes = {
					F843BF361FCF1AFA00369036 = {
						CreatedOnToolsVersion = 9.1;
						ProvisioningStyle = Automatic;
					};
					F843BF4A1FCF1AFA00369036 = {
						CreatedOnToolsVersion = 9.1;
						ProvisioningStyle = Automatic;
						TestTargetID = F843BF361FCF1AFA00369036;
					};
					F843BF551FCF1AFA00369036 = {
						CreatedOnToolsVersion = 9.1;
						ProvisioningStyle = Automatic;
						TestTargetID = F843BF361FCF1AFA00369036;
					};
				};
			};
			buildConfigurationList = F843BF321FCF1AFA00369036 /* Build configuration list for PBXProject "strava" */;
			compatibilityVersion = "Xcode 8.0";
			developmentRegion = en;
			hasScannedForEncodings = 0;
			knownRegions = (
				en,
				Base,
			);
			mainGroup = F843BF2E1FCF1AFA00369036;
			productRefGroup = F843BF381FCF1AFA00369036 /* Products */;
			projectDirPath = "";
			projectRoot = "";
			targets = (
				F843BF361FCF1AFA00369036 /* strava */,
				F843BF4A1FCF1AFA00369036 /* stravaTests */,
				F843BF551FCF1AFA00369036 /* stravaUITests */,
			);
		};
/* End PBXProject section */

/* Begin PBXResourcesBuildPhase section */
		F843BF351FCF1AFA00369036 /* Resources */ = {
			isa = PBXResourcesBuildPhase;
			buildActionMask = 2147483647;
			files = (
				F843BF451FCF1AFA00369036 /* LaunchScreen.storyboard in Resources */,
				F8778B571FD09EC800940FAE /* vwActivityCell.xib in Resources */,
				F843BF421FCF1AFA00369036 /* Assets.xcassets in Resources */,
				F843BF401FCF1AFA00369036 /* Main.storyboard in Resources */,
			);
			runOnlyForDeploymentPostprocessing = 0;
		};
		F843BF491FCF1AFA00369036 /* Resources */ = {
			isa = PBXResourcesBuildPhase;
			buildActionMask = 2147483647;
			files = (
			);
			runOnlyForDeploymentPostprocessing = 0;
		};
		F843BF541FCF1AFA00369036 /* Resources */ = {
			isa = PBXResourcesBuildPhase;
			buildActionMask = 2147483647;
			files = (
			);
			runOnlyForDeploymentPostprocessing = 0;
		};
/* End PBXResourcesBuildPhase section */

/* Begin PBXShellScriptBuildPhase section */
		06DCFA7FB7695ED93866CB1E /* [CP] Copy Pods Resources */ = {
			isa = PBXShellScriptBuildPhase;
			buildActionMask = 2147483647;
			files = (
			);
			inputPaths = (
			);
			name = "[CP] Copy Pods Resources";
			outputPaths = (
			);
			runOnlyForDeploymentPostprocessing = 0;
			shellPath = /bin/sh;
			shellScript = "\"${SRCROOT}/Pods/Target Support Files/Pods-stravaUITests/Pods-stravaUITests-resources.sh\"\n";
			showEnvVarsInLog = 0;
		};
		22AF50E649BCBEDEF2CD2A05 /* [CP] Copy Pods Resources */ = {
			isa = PBXShellScriptBuildPhase;
			buildActionMask = 2147483647;
			files = (
			);
			inputPaths = (
			);
			name = "[CP] Copy Pods Resources";
			outputPaths = (
			);
			runOnlyForDeploymentPostprocessing = 0;
			shellPath = /bin/sh;
			shellScript = "\"${SRCROOT}/Pods/Target Support Files/Pods-stravaTests/Pods-stravaTests-resources.sh\"\n";
			showEnvVarsInLog = 0;
		};
		27651AD08315674D9790F6A1 /* [CP] Check Pods Manifest.lock */ = {
			isa = PBXShellScriptBuildPhase;
			buildActionMask = 2147483647;
			files = (
			);
			inputPaths = (
			);
			name = "[CP] Check Pods Manifest.lock";
			outputPaths = (
			);
			runOnlyForDeploymentPostprocessing = 0;
			shellPath = /bin/sh;
			shellScript = "diff \"${PODS_ROOT}/../Podfile.lock\" \"${PODS_ROOT}/Manifest.lock\" > /dev/null\nif [ $? != 0 ] ; then\n    # print error to STDERR\n    echo \"error: The sandbox is not in sync with the Podfile.lock. Run 'pod install' or update your CocoaPods installation.\" >&2\n    exit 1\nfi\n";
			showEnvVarsInLog = 0;
		};
		51FE2E51C90DFF3E027A4996 /* [CP] Embed Pods Frameworks */ = {
			isa = PBXShellScriptBuildPhase;
			buildActionMask = 2147483647;
			files = (
			);
			inputPaths = (
			);
			name = "[CP] Embed Pods Frameworks";
			outputPaths = (
			);
			runOnlyForDeploymentPostprocessing = 0;
			shellPath = /bin/sh;
			shellScript = "\"${SRCROOT}/Pods/Target Support Files/Pods-stravaUITests/Pods-stravaUITests-frameworks.sh\"\n";
			showEnvVarsInLog = 0;
		};
		5D9444DB007B47289B76397C /* [CP] Embed Pods Frameworks */ = {
			isa = PBXShellScriptBuildPhase;
			buildActionMask = 2147483647;
			files = (
			);
			inputPaths = (
			);
			name = "[CP] Embed Pods Frameworks";
			outputPaths = (
			);
			runOnlyForDeploymentPostprocessing = 0;
			shellPath = /bin/sh;
			shellScript = "\"${SRCROOT}/Pods/Target Support Files/Pods-strava/Pods-strava-frameworks.sh\"\n";
			showEnvVarsInLog = 0;
		};
		BDF3ADF064F3B7D1CFB841D9 /* [CP] Check Pods Manifest.lock */ = {
			isa = PBXShellScriptBuildPhase;
			buildActionMask = 2147483647;
			files = (
			);
			inputPaths = (
			);
			name = "[CP] Check Pods Manifest.lock";
			outputPaths = (
			);
			runOnlyForDeploymentPostprocessing = 0;
			shellPath = /bin/sh;
			shellScript = "diff \"${PODS_ROOT}/../Podfile.lock\" \"${PODS_ROOT}/Manifest.lock\" > /dev/null\nif [ $? != 0 ] ; then\n    # print error to STDERR\n    echo \"error: The sandbox is not in sync with the Podfile.lock. Run 'pod install' or update your CocoaPods installation.\" >&2\n    exit 1\nfi\n";
			showEnvVarsInLog = 0;
		};
		CA54C1CC4663530F0C1D0285 /* [CP] Check Pods Manifest.lock */ = {
			isa = PBXShellScriptBuildPhase;
			buildActionMask = 2147483647;
			files = (
			);
			inputPaths = (
			);
			name = "[CP] Check Pods Manifest.lock";
			outputPaths = (
			);
			runOnlyForDeploymentPostprocessing = 0;
			shellPath = /bin/sh;
			shellScript = "diff \"${PODS_ROOT}/../Podfile.lock\" \"${PODS_ROOT}/Manifest.lock\" > /dev/null\nif [ $? != 0 ] ; then\n    # print error to STDERR\n    echo \"error: The sandbox is not in sync with the Podfile.lock. Run 'pod install' or update your CocoaPods installation.\" >&2\n    exit 1\nfi\n";
			showEnvVarsInLog = 0;
		};
		D373DE51A540855A07709F1A /* [CP] Copy Pods Resources */ = {
			isa = PBXShellScriptBuildPhase;
			buildActionMask = 2147483647;
			files = (
			);
			inputPaths = (
			);
			name = "[CP] Copy Pods Resources";
			outputPaths = (
			);
			runOnlyForDeploymentPostprocessing = 0;
			shellPath = /bin/sh;
			shellScript = "\"${SRCROOT}/Pods/Target Support Files/Pods-strava/Pods-strava-resources.sh\"\n";
			showEnvVarsInLog = 0;
		};
		F4FAC00ECDCCBBFD3567B3A4 /* [CP] Embed Pods Frameworks */ = {
			isa = PBXShellScriptBuildPhase;
			buildActionMask = 2147483647;
			files = (
			);
			inputPaths = (
			);
			name = "[CP] Embed Pods Frameworks";
			outputPaths = (
			);
			runOnlyForDeploymentPostprocessing = 0;
			shellPath = /bin/sh;
			shellScript = "\"${SRCROOT}/Pods/Target Support Files/Pods-stravaTests/Pods-stravaTests-frameworks.sh\"\n";
			showEnvVarsInLog = 0;
		};
/* End PBXShellScriptBuildPhase section */

/* Begin PBXSourcesBuildPhase section */
		F843BF331FCF1AFA00369036 /* Sources */ = {
			isa = PBXSourcesBuildPhase;
			buildActionMask = 2147483647;
			files = (
				F8778B551FD0976700940FAE /* StravaActivityStruct.swift in Sources */,
				F843BF3D1FCF1AFA00369036 /* ViewController.swift in Sources */,
				F8778B591FD09EDF00940FAE /* ActivityCell.swift in Sources */,
				F8003CA61FDA222300AE31AD /* AppConfig.swift in Sources */,
				F843BF691FCFA6AB00369036 /* WebViewController.swift in Sources */,
				F843BF3B1FCF1AFA00369036 /* AppDelegate.swift in Sources */,
				F8778B5B1FD0A9E100940FAE /* Utils.swift in Sources */,
			);
			runOnlyForDeploymentPostprocessing = 0;
		};
		F843BF471FCF1AFA00369036 /* Sources */ = {
			isa = PBXSourcesBuildPhase;
			buildActionMask = 2147483647;
			files = (
				F843BF501FCF1AFA00369036 /* stravaTests.swift in Sources */,
			);
			runOnlyForDeploymentPostprocessing = 0;
		};
		F843BF521FCF1AFA00369036 /* Sources */ = {
			isa = PBXSourcesBuildPhase;
			buildActionMask = 2147483647;
			files = (
				F843BF5B1FCF1AFA00369036 /* stravaUITests.swift in Sources */,
			);
			runOnlyForDeploymentPostprocessing = 0;
		};
/* End PBXSourcesBuildPhase section */

/* Begin PBXTargetDependency section */
		F843BF4D1FCF1AFA00369036 /* PBXTargetDependency */ = {
			isa = PBXTargetDependency;
			target = F843BF361FCF1AFA00369036 /* strava */;
			targetProxy = F843BF4C1FCF1AFA00369036 /* PBXContainerItemProxy */;
		};
		F843BF581FCF1AFA00369036 /* PBXTargetDependency */ = {
			isa = PBXTargetDependency;
			target = F843BF361FCF1AFA00369036 /* strava */;
			targetProxy = F843BF571FCF1AFA00369036 /* PBXContainerItemProxy */;
		};
/* End PBXTargetDependency section */

/* Begin PBXVariantGroup section */
		F843BF3E1FCF1AFA00369036 /* Main.storyboard */ = {
			isa = PBXVariantGroup;
			children = (
				F843BF3F1FCF1AFA00369036 /* Base */,
			);
			name = Main.storyboard;
			sourceTree = "<group>";
		};
		F843BF431FCF1AFA00369036 /* LaunchScreen.storyboard */ = {
			isa = PBXVariantGroup;
			children = (
				F843BF441FCF1AFA00369036 /* Base */,
			);
			name = LaunchScreen.storyboard;
			sourceTree = "<group>";
		};
/* End PBXVariantGroup section */

/* Begin XCBuildConfiguration section */
		F843BF5D1FCF1AFA00369036 /* Debug */ = {
			isa = XCBuildConfiguration;
			buildSettings = {
				ALWAYS_SEARCH_USER_PATHS = NO;
				CLANG_ANALYZER_NONNULL = YES;
				CLANG_ANALYZER_NUMBER_OBJECT_CONVERSION = YES_AGGRESSIVE;
				CLANG_CXX_LANGUAGE_STANDARD = "gnu++14";
				CLANG_CXX_LIBRARY = "libc++";
				CLANG_ENABLE_MODULES = YES;
				CLANG_ENABLE_OBJC_ARC = YES;
				CLANG_WARN_BLOCK_CAPTURE_AUTORELEASING = YES;
				CLANG_WARN_BOOL_CONVERSION = YES;
				CLANG_WARN_COMMA = YES;
				CLANG_WARN_CONSTANT_CONVERSION = YES;
				CLANG_WARN_DIRECT_OBJC_ISA_USAGE = YES_ERROR;
				CLANG_WARN_DOCUMENTATION_COMMENTS = YES;
				CLANG_WARN_EMPTY_BODY = YES;
				CLANG_WARN_ENUM_CONVERSION = YES;
				CLANG_WARN_INFINITE_RECURSION = YES;
				CLANG_WARN_INT_CONVERSION = YES;
				CLANG_WARN_NON_LITERAL_NULL_CONVERSION = YES;
				CLANG_WARN_OBJC_LITERAL_CONVERSION = YES;
				CLANG_WARN_OBJC_ROOT_CLASS = YES_ERROR;
				CLANG_WARN_RANGE_LOOP_ANALYSIS = YES;
				CLANG_WARN_STRICT_PROTOTYPES = YES;
				CLANG_WARN_SUSPICIOUS_MOVE = YES;
				CLANG_WARN_UNGUARDED_AVAILABILITY = YES_AGGRESSIVE;
				CLANG_WARN_UNREACHABLE_CODE = YES;
				CLANG_WARN__DUPLICATE_METHOD_MATCH = YES;
				CODE_SIGN_IDENTITY = "iPhone Developer";
				COPY_PHASE_STRIP = NO;
				DEBUG_INFORMATION_FORMAT = dwarf;
				ENABLE_STRICT_OBJC_MSGSEND = YES;
				ENABLE_TESTABILITY = YES;
				GCC_C_LANGUAGE_STANDARD = gnu11;
				GCC_DYNAMIC_NO_PIC = NO;
				GCC_NO_COMMON_BLOCKS = YES;
				GCC_OPTIMIZATION_LEVEL = 0;
				GCC_PREPROCESSOR_DEFINITIONS = (
					"DEBUG=1",
					"$(inherited)",
				);
				GCC_WARN_64_TO_32_BIT_CONVERSION = YES;
				GCC_WARN_ABOUT_RETURN_TYPE = YES_ERROR;
				GCC_WARN_UNDECLARED_SELECTOR = YES;
				GCC_WARN_UNINITIALIZED_AUTOS = YES_AGGRESSIVE;
				GCC_WARN_UNUSED_FUNCTION = YES;
				GCC_WARN_UNUSED_VARIABLE = YES;
				IPHONEOS_DEPLOYMENT_TARGET = 11.1;
				MTL_ENABLE_DEBUG_INFO = YES;
				ONLY_ACTIVE_ARCH = YES;
				SDKROOT = iphoneos;
				SWIFT_ACTIVE_COMPILATION_CONDITIONS = DEBUG;
				SWIFT_OPTIMIZATION_LEVEL = "-Onone";
			};
			name = Debug;
		};
		F843BF5E1FCF1AFA00369036 /* Release */ = {
			isa = XCBuildConfiguration;
			buildSettings = {
				ALWAYS_SEARCH_USER_PATHS = NO;
				CLANG_ANALYZER_NONNULL = YES;
				CLANG_ANALYZER_NUMBER_OBJECT_CONVERSION = YES_AGGRESSIVE;
				CLANG_CXX_LANGUAGE_STANDARD = "gnu++14";
				CLANG_CXX_LIBRARY = "libc++";
				CLANG_ENABLE_MODULES = YES;
				CLANG_ENABLE_OBJC_ARC = YES;
				CLANG_WARN_BLOCK_CAPTURE_AUTORELEASING = YES;
				CLANG_WARN_BOOL_CONVERSION = YES;
				CLANG_WARN_COMMA = YES;
				CLANG_WARN_CONSTANT_CONVERSION = YES;
				CLANG_WARN_DIRECT_OBJC_ISA_USAGE = YES_ERROR;
				CLANG_WARN_DOCUMENTATION_COMMENTS = YES;
				CLANG_WARN_EMPTY_BODY = YES;
				CLANG_WARN_ENUM_CONVERSION = YES;
				CLANG_WARN_INFINITE_RECURSION = YES;
				CLANG_WARN_INT_CONVERSION = YES;
				CLANG_WARN_NON_LITERAL_NULL_CONVERSION = YES;
				CLANG_WARN_OBJC_LITERAL_CONVERSION = YES;
				CLANG_WARN_OBJC_ROOT_CLASS = YES_ERROR;
				CLANG_WARN_RANGE_LOOP_ANALYSIS = YES;
				CLANG_WARN_STRICT_PROTOTYPES = YES;
				CLANG_WARN_SUSPICIOUS_MOVE = YES;
				CLANG_WARN_UNGUARDED_AVAILABILITY = YES_AGGRESSIVE;
				CLANG_WARN_UNREACHABLE_CODE = YES;
				CLANG_WARN__DUPLICATE_METHOD_MATCH = YES;
				CODE_SIGN_IDENTITY = "iPhone Developer";
				COPY_PHASE_STRIP = NO;
				DEBUG_INFORMATION_FORMAT = "dwarf-with-dsym";
				ENABLE_NS_ASSERTIONS = NO;
				ENABLE_STRICT_OBJC_MSGSEND = YES;
				GCC_C_LANGUAGE_STANDARD = gnu11;
				GCC_NO_COMMON_BLOCKS = YES;
				GCC_WARN_64_TO_32_BIT_CONVERSION = YES;
				GCC_WARN_ABOUT_RETURN_TYPE = YES_ERROR;
				GCC_WARN_UNDECLARED_SELECTOR = YES;
				GCC_WARN_UNINITIALIZED_AUTOS = YES_AGGRESSIVE;
				GCC_WARN_UNUSED_FUNCTION = YES;
				GCC_WARN_UNUSED_VARIABLE = YES;
				IPHONEOS_DEPLOYMENT_TARGET = 11.1;
				MTL_ENABLE_DEBUG_INFO = NO;
				SDKROOT = iphoneos;
				SWIFT_OPTIMIZATION_LEVEL = "-Owholemodule";
				VALIDATE_PRODUCT = YES;
			};
			name = Release;
		};
		F843BF601FCF1AFA00369036 /* Debug */ = {
			isa = XCBuildConfiguration;
			baseConfigurationReference = 4A72F29B97B829DA288BEAF8 /* Pods-strava.debug.xcconfig */;
			buildSettings = {
				ASSETCATALOG_COMPILER_APPICON_NAME = AppIcon;
				CODE_SIGN_STYLE = Automatic;
				DEVELOPMENT_TEAM = AYSJQ5FJHQ;
				INFOPLIST_FILE = strava/Info.plist;
				LD_RUNPATH_SEARCH_PATHS = "$(inherited) @executable_path/Frameworks";
				PRODUCT_BUNDLE_IDENTIFIER = com.materialcause.strava;
				PRODUCT_NAME = "$(TARGET_NAME)";
				SWIFT_VERSION = 4.0;
				TARGETED_DEVICE_FAMILY = "1,2";
			};
			name = Debug;
		};
		F843BF611FCF1AFA00369036 /* Release */ = {
			isa = XCBuildConfiguration;
			baseConfigurationReference = 18345F3A696783BCD4AE5DD0 /* Pods-strava.release.xcconfig */;
			buildSettings = {
				ASSETCATALOG_COMPILER_APPICON_NAME = AppIcon;
				CODE_SIGN_STYLE = Automatic;
				DEVELOPMENT_TEAM = AYSJQ5FJHQ;
				INFOPLIST_FILE = strava/Info.plist;
				LD_RUNPATH_SEARCH_PATHS = "$(inherited) @executable_path/Frameworks";
				PRODUCT_BUNDLE_IDENTIFIER = com.materialcause.strava;
				PRODUCT_NAME = "$(TARGET_NAME)";
				SWIFT_VERSION = 4.0;
				TARGETED_DEVICE_FAMILY = "1,2";
			};
			name = Release;
		};
		F843BF631FCF1AFA00369036 /* Debug */ = {
			isa = XCBuildConfiguration;
			baseConfigurationReference = 72E13F549114E8B868D95D8C /* Pods-stravaTests.debug.xcconfig */;
			buildSettings = {
				ALWAYS_EMBED_SWIFT_STANDARD_LIBRARIES = YES;
				BUNDLE_LOADER = "$(TEST_HOST)";
				CODE_SIGN_STYLE = Automatic;
				DEVELOPMENT_TEAM = AYSJQ5FJHQ;
				INFOPLIST_FILE = stravaTests/Info.plist;
				LD_RUNPATH_SEARCH_PATHS = "$(inherited) @executable_path/Frameworks @loader_path/Frameworks";
				PRODUCT_BUNDLE_IDENTIFIER = com.materialcause.stravaTests;
				PRODUCT_NAME = "$(TARGET_NAME)";
				SWIFT_VERSION = 4.0;
				TARGETED_DEVICE_FAMILY = "1,2";
				TEST_HOST = "$(BUILT_PRODUCTS_DIR)/strava.app/strava";
			};
			name = Debug;
		};
		F843BF641FCF1AFA00369036 /* Release */ = {
			isa = XCBuildConfiguration;
			baseConfigurationReference = 8CED220AF25C4717555E6076 /* Pods-stravaTests.release.xcconfig */;
			buildSettings = {
				ALWAYS_EMBED_SWIFT_STANDARD_LIBRARIES = YES;
				BUNDLE_LOADER = "$(TEST_HOST)";
				CODE_SIGN_STYLE = Automatic;
				DEVELOPMENT_TEAM = AYSJQ5FJHQ;
				INFOPLIST_FILE = stravaTests/Info.plist;
				LD_RUNPATH_SEARCH_PATHS = "$(inherited) @executable_path/Frameworks @loader_path/Frameworks";
				PRODUCT_BUNDLE_IDENTIFIER = com.materialcause.stravaTests;
				PRODUCT_NAME = "$(TARGET_NAME)";
				SWIFT_VERSION = 4.0;
				TARGETED_DEVICE_FAMILY = "1,2";
				TEST_HOST = "$(BUILT_PRODUCTS_DIR)/strava.app/strava";
			};
			name = Release;
		};
		F843BF661FCF1AFA00369036 /* Debug */ = {
			isa = XCBuildConfiguration;
			baseConfigurationReference = D3EEC76F5FE357DEAFE53B09 /* Pods-stravaUITests.debug.xcconfig */;
			buildSettings = {
				ALWAYS_EMBED_SWIFT_STANDARD_LIBRARIES = YES;
				CODE_SIGN_STYLE = Automatic;
				DEVELOPMENT_TEAM = AYSJQ5FJHQ;
				INFOPLIST_FILE = stravaUITests/Info.plist;
				LD_RUNPATH_SEARCH_PATHS = "$(inherited) @executable_path/Frameworks @loader_path/Frameworks";
				PRODUCT_BUNDLE_IDENTIFIER = com.materialcause.stravaUITests;
				PRODUCT_NAME = "$(TARGET_NAME)";
				SWIFT_VERSION = 4.0;
				TARGETED_DEVICE_FAMILY = "1,2";
				TEST_TARGET_NAME = strava;
			};
			name = Debug;
		};
		F843BF671FCF1AFA00369036 /* Release */ = {
			isa = XCBuildConfiguration;
			baseConfigurationReference = D8636D2B93433503FA508018 /* Pods-stravaUITests.release.xcconfig */;
			buildSettings = {
				ALWAYS_EMBED_SWIFT_STANDARD_LIBRARIES = YES;
				CODE_SIGN_STYLE = Automatic;
				DEVELOPMENT_TEAM = AYSJQ5FJHQ;
				INFOPLIST_FILE = stravaUITests/Info.plist;
				LD_RUNPATH_SEARCH_PATHS = "$(inherited) @executable_path/Frameworks @loader_path/Frameworks";
				PRODUCT_BUNDLE_IDENTIFIER = com.materialcause.stravaUITests;
				PRODUCT_NAME = "$(TARGET_NAME)";
				SWIFT_VERSION = 4.0;
				TARGETED_DEVICE_FAMILY = "1,2";
				TEST_TARGET_NAME = strava;
			};
			name = Release;
		};
/* End XCBuildConfiguration section */

/* Begin XCConfigurationList section */
		F843BF321FCF1AFA00369036 /* Build configuration list for PBXProject "strava" */ = {
			isa = XCConfigurationList;
			buildConfigurations = (
				F843BF5D1FCF1AFA00369036 /* Debug */,
				F843BF5E1FCF1AFA00369036 /* Release */,
			);
			defaultConfigurationIsVisible = 0;
			defaultConfigurationName = Release;
		};
		F843BF5F1FCF1AFA00369036 /* Build configuration list for PBXNativeTarget "strava" */ = {
			isa = XCConfigurationList;
			buildConfigurations = (
				F843BF601FCF1AFA00369036 /* Debug */,
				F843BF611FCF1AFA00369036 /* Release */,
			);
			defaultConfigurationIsVisible = 0;
			defaultConfigurationName = Release;
		};
		F843BF621FCF1AFA00369036 /* Build configuration list for PBXNativeTarget "stravaTests" */ = {
			isa = XCConfigurationList;
			buildConfigurations = (
				F843BF631FCF1AFA00369036 /* Debug */,
				F843BF641FCF1AFA00369036 /* Release */,
			);
			defaultConfigurationIsVisible = 0;
			defaultConfigurationName = Release;
		};
		F843BF651FCF1AFA00369036 /* Build configuration list for PBXNativeTarget "stravaUITests" */ = {
			isa = XCConfigurationList;
			buildConfigurations = (
				F843BF661FCF1AFA00369036 /* Debug */,
				F843BF671FCF1AFA00369036 /* Release */,
			);
			defaultConfigurationIsVisible = 0;
			defaultConfigurationName = Release;
		};
/* End XCConfigurationList section */
	};
	rootObject = F843BF2F1FCF1AFA00369036 /* Project object */;
}
